// !$*UTF8*$!
{
	archiveVersion = 1;
	classes = {
	};
	objectVersion = 56;
	objects = {

/* Begin PBXBuildFile section */
		AB20CAD82B2965B400EC81EF /* LocalFeedLoader.swift in Sources */ = {isa = PBXBuildFile; fileRef = AB20CAD72B2965B400EC81EF /* LocalFeedLoader.swift */; };
		AB20CADB2B29664700EC81EF /* FeedStore.swift in Sources */ = {isa = PBXBuildFile; fileRef = AB20CADA2B29664700EC81EF /* FeedStore.swift */; };
		AB20CADD2B29DAB700EC81EF /* RemoteFeedItem.swift in Sources */ = {isa = PBXBuildFile; fileRef = AB20CADC2B29DAB700EC81EF /* RemoteFeedItem.swift */; };
		AB20CADF2B29DB2600EC81EF /* LocalFeedImage.swift in Sources */ = {isa = PBXBuildFile; fileRef = AB20CADE2B29DB2600EC81EF /* LocalFeedImage.swift */; };
		AB20CAE12B2B285000EC81EF /* LoadFeedFromCacheUseCase.swift in Sources */ = {isa = PBXBuildFile; fileRef = AB20CAE02B2B285000EC81EF /* LoadFeedFromCacheUseCase.swift */; };
		AB20CAE32B2B29B600EC81EF /* FeedStoreSpy.swift in Sources */ = {isa = PBXBuildFile; fileRef = AB20CAE22B2B29B600EC81EF /* FeedStoreSpy.swift */; };
		AB20CAE62B2C0A0800EC81EF /* ValidateFeedCacheUseCaseTests.swift in Sources */ = {isa = PBXBuildFile; fileRef = AB20CAE52B2C0A0800EC81EF /* ValidateFeedCacheUseCaseTests.swift */; };
		AB20CAE82B2C0B1F00EC81EF /* SharedTestHelpers.swift in Sources */ = {isa = PBXBuildFile; fileRef = AB20CAE72B2C0B1F00EC81EF /* SharedTestHelpers.swift */; };
		AB20CAEA2B2C0B6800EC81EF /* FeedCacheTestHelpers.swift in Sources */ = {isa = PBXBuildFile; fileRef = AB20CAE92B2C0B6800EC81EF /* FeedCacheTestHelpers.swift */; };
		AB20CAEC2B2C1E3700EC81EF /* FeedCachePolicy.swift in Sources */ = {isa = PBXBuildFile; fileRef = AB20CAEB2B2C1E3700EC81EF /* FeedCachePolicy.swift */; };
		AB20CAEE2B2D340700EC81EF /* CodableFeedStoreTests.swift in Sources */ = {isa = PBXBuildFile; fileRef = AB20CAED2B2D340700EC81EF /* CodableFeedStoreTests.swift */; };
		AB20CAF02B2DDA1E00EC81EF /* CodableFeedStore.swift in Sources */ = {isa = PBXBuildFile; fileRef = AB20CAEF2B2DDA1E00EC81EF /* CodableFeedStore.swift */; };
		AB20CAF22B2F434500EC81EF /* FeedStoreSpecs.swift in Sources */ = {isa = PBXBuildFile; fileRef = AB20CAF12B2F434500EC81EF /* FeedStoreSpecs.swift */; };
		AB29C3B62B2899EC00350107 /* CacheFeedUseCase.swift in Sources */ = {isa = PBXBuildFile; fileRef = AB29C3B52B2899EC00350107 /* CacheFeedUseCase.swift */; };
		ABBFD0902B1FF6FE008DF28C /* EssentialFeed.docc in Sources */ = {isa = PBXBuildFile; fileRef = ABBFD08F2B1FF6FE008DF28C /* EssentialFeed.docc */; };
		ABBFD0962B1FF6FE008DF28C /* EssentialFeed.framework in Frameworks */ = {isa = PBXBuildFile; fileRef = ABBFD08B2B1FF6FE008DF28C /* EssentialFeed.framework */; };
		ABBFD09C2B1FF6FE008DF28C /* EssentialFeed.h in Headers */ = {isa = PBXBuildFile; fileRef = ABBFD08E2B1FF6FE008DF28C /* EssentialFeed.h */; settings = {ATTRIBUTES = (Public, ); }; };
		ABBFD0A62B1FF9F0008DF28C /* FeedImage.swift in Sources */ = {isa = PBXBuildFile; fileRef = ABBFD0A52B1FF9F0008DF28C /* FeedImage.swift */; };
		ABBFD0A82B1FFC2A008DF28C /* FeedLoader.swift in Sources */ = {isa = PBXBuildFile; fileRef = ABBFD0A72B1FFC2A008DF28C /* FeedLoader.swift */; };
		ABBFD0AB2B21193C008DF28C /* LoadFeedFromRemoteUseCasesTests.swift in Sources */ = {isa = PBXBuildFile; fileRef = ABBFD0AA2B21193C008DF28C /* LoadFeedFromRemoteUseCasesTests.swift */; };
		ABBFD0AE2B212C0E008DF28C /* RemoteFeedLoader.swift in Sources */ = {isa = PBXBuildFile; fileRef = ABBFD0AD2B212C0E008DF28C /* RemoteFeedLoader.swift */; };
		ABBFD0B02B23D623008DF28C /* HTTPClient.swift in Sources */ = {isa = PBXBuildFile; fileRef = ABBFD0AF2B23D623008DF28C /* HTTPClient.swift */; };
		ABBFD0B22B23D687008DF28C /* FeedItemsMapper.swift in Sources */ = {isa = PBXBuildFile; fileRef = ABBFD0B12B23D687008DF28C /* FeedItemsMapper.swift */; };
		ABBFD0B62B24019E008DF28C /* URLSessionHTTPClientTests.swift in Sources */ = {isa = PBXBuildFile; fileRef = ABBFD0B52B24019E008DF28C /* URLSessionHTTPClientTests.swift */; };
		ABBFD0B82B251A6B008DF28C /* XCTTestCase+MemoryLeakTracking.swift in Sources */ = {isa = PBXBuildFile; fileRef = ABBFD0B72B251A6B008DF28C /* XCTTestCase+MemoryLeakTracking.swift */; };
		ABBFD0BA2B253239008DF28C /* URLSessionHTTPClient.swift in Sources */ = {isa = PBXBuildFile; fileRef = ABBFD0B92B253239008DF28C /* URLSessionHTTPClient.swift */; };
		ABBFD0C32B254522008DF28C /* EssentialFeedAPIEndToEndTests.swift in Sources */ = {isa = PBXBuildFile; fileRef = ABBFD0C22B254522008DF28C /* EssentialFeedAPIEndToEndTests.swift */; };
		ABBFD0C42B254522008DF28C /* EssentialFeed.framework in Frameworks */ = {isa = PBXBuildFile; fileRef = ABBFD08B2B1FF6FE008DF28C /* EssentialFeed.framework */; };
		ABBFD0CA2B254A23008DF28C /* XCTTestCase+MemoryLeakTracking.swift in Sources */ = {isa = PBXBuildFile; fileRef = ABBFD0B72B251A6B008DF28C /* XCTTestCase+MemoryLeakTracking.swift */; };
/* End PBXBuildFile section */

/* Begin PBXContainerItemProxy section */
		ABBFD0972B1FF6FE008DF28C /* PBXContainerItemProxy */ = {
			isa = PBXContainerItemProxy;
			containerPortal = ABBFD0822B1FF6FE008DF28C /* Project object */;
			proxyType = 1;
			remoteGlobalIDString = ABBFD08A2B1FF6FE008DF28C;
			remoteInfo = EssentialFeed;
		};
		ABBFD0C52B254522008DF28C /* PBXContainerItemProxy */ = {
			isa = PBXContainerItemProxy;
			containerPortal = ABBFD0822B1FF6FE008DF28C /* Project object */;
			proxyType = 1;
			remoteGlobalIDString = ABBFD08A2B1FF6FE008DF28C;
			remoteInfo = EssentialFeed;
		};
/* End PBXContainerItemProxy section */

/* Begin PBXFileReference section */
		AB20CAD72B2965B400EC81EF /* LocalFeedLoader.swift */ = {isa = PBXFileReference; lastKnownFileType = sourcecode.swift; path = LocalFeedLoader.swift; sourceTree = "<group>"; };
		AB20CADA2B29664700EC81EF /* FeedStore.swift */ = {isa = PBXFileReference; lastKnownFileType = sourcecode.swift; path = FeedStore.swift; sourceTree = "<group>"; };
		AB20CADC2B29DAB700EC81EF /* RemoteFeedItem.swift */ = {isa = PBXFileReference; lastKnownFileType = sourcecode.swift; path = RemoteFeedItem.swift; sourceTree = "<group>"; };
		AB20CADE2B29DB2600EC81EF /* LocalFeedImage.swift */ = {isa = PBXFileReference; lastKnownFileType = sourcecode.swift; path = LocalFeedImage.swift; sourceTree = "<group>"; };
		AB20CAE02B2B285000EC81EF /* LoadFeedFromCacheUseCase.swift */ = {isa = PBXFileReference; lastKnownFileType = sourcecode.swift; path = LoadFeedFromCacheUseCase.swift; sourceTree = "<group>"; };
		AB20CAE22B2B29B600EC81EF /* FeedStoreSpy.swift */ = {isa = PBXFileReference; lastKnownFileType = sourcecode.swift; path = FeedStoreSpy.swift; sourceTree = "<group>"; };
		AB20CAE52B2C0A0800EC81EF /* ValidateFeedCacheUseCaseTests.swift */ = {isa = PBXFileReference; lastKnownFileType = sourcecode.swift; path = ValidateFeedCacheUseCaseTests.swift; sourceTree = "<group>"; };
		AB20CAE72B2C0B1F00EC81EF /* SharedTestHelpers.swift */ = {isa = PBXFileReference; lastKnownFileType = sourcecode.swift; path = SharedTestHelpers.swift; sourceTree = "<group>"; };
		AB20CAE92B2C0B6800EC81EF /* FeedCacheTestHelpers.swift */ = {isa = PBXFileReference; lastKnownFileType = sourcecode.swift; path = FeedCacheTestHelpers.swift; sourceTree = "<group>"; };
		AB20CAEB2B2C1E3700EC81EF /* FeedCachePolicy.swift */ = {isa = PBXFileReference; lastKnownFileType = sourcecode.swift; path = FeedCachePolicy.swift; sourceTree = "<group>"; };
		AB20CAED2B2D340700EC81EF /* CodableFeedStoreTests.swift */ = {isa = PBXFileReference; lastKnownFileType = sourcecode.swift; path = CodableFeedStoreTests.swift; sourceTree = "<group>"; };
		AB20CAEF2B2DDA1E00EC81EF /* CodableFeedStore.swift */ = {isa = PBXFileReference; lastKnownFileType = sourcecode.swift; path = CodableFeedStore.swift; sourceTree = "<group>"; };
		AB20CAF12B2F434500EC81EF /* FeedStoreSpecs.swift */ = {isa = PBXFileReference; lastKnownFileType = sourcecode.swift; path = FeedStoreSpecs.swift; sourceTree = "<group>"; };
		AB29C3B52B2899EC00350107 /* CacheFeedUseCase.swift */ = {isa = PBXFileReference; lastKnownFileType = sourcecode.swift; path = CacheFeedUseCase.swift; sourceTree = "<group>"; };
		ABBFD08B2B1FF6FE008DF28C /* EssentialFeed.framework */ = {isa = PBXFileReference; explicitFileType = wrapper.framework; includeInIndex = 0; path = EssentialFeed.framework; sourceTree = BUILT_PRODUCTS_DIR; };
		ABBFD08E2B1FF6FE008DF28C /* EssentialFeed.h */ = {isa = PBXFileReference; lastKnownFileType = sourcecode.c.h; path = EssentialFeed.h; sourceTree = "<group>"; };
		ABBFD08F2B1FF6FE008DF28C /* EssentialFeed.docc */ = {isa = PBXFileReference; lastKnownFileType = folder.documentationcatalog; path = EssentialFeed.docc; sourceTree = "<group>"; };
		ABBFD0952B1FF6FE008DF28C /* EssentialFeedTests.xctest */ = {isa = PBXFileReference; explicitFileType = wrapper.cfbundle; includeInIndex = 0; path = EssentialFeedTests.xctest; sourceTree = BUILT_PRODUCTS_DIR; };
		ABBFD0A52B1FF9F0008DF28C /* FeedImage.swift */ = {isa = PBXFileReference; lastKnownFileType = sourcecode.swift; path = FeedImage.swift; sourceTree = "<group>"; };
		ABBFD0A72B1FFC2A008DF28C /* FeedLoader.swift */ = {isa = PBXFileReference; lastKnownFileType = sourcecode.swift; path = FeedLoader.swift; sourceTree = "<group>"; };
		ABBFD0AA2B21193C008DF28C /* LoadFeedFromRemoteUseCasesTests.swift */ = {isa = PBXFileReference; lastKnownFileType = sourcecode.swift; path = LoadFeedFromRemoteUseCasesTests.swift; sourceTree = "<group>"; };
		ABBFD0AD2B212C0E008DF28C /* RemoteFeedLoader.swift */ = {isa = PBXFileReference; lastKnownFileType = sourcecode.swift; path = RemoteFeedLoader.swift; sourceTree = "<group>"; };
		ABBFD0AF2B23D623008DF28C /* HTTPClient.swift */ = {isa = PBXFileReference; lastKnownFileType = sourcecode.swift; path = HTTPClient.swift; sourceTree = "<group>"; };
		ABBFD0B12B23D687008DF28C /* FeedItemsMapper.swift */ = {isa = PBXFileReference; lastKnownFileType = sourcecode.swift; path = FeedItemsMapper.swift; sourceTree = "<group>"; };
		ABBFD0B52B24019E008DF28C /* URLSessionHTTPClientTests.swift */ = {isa = PBXFileReference; lastKnownFileType = sourcecode.swift; path = URLSessionHTTPClientTests.swift; sourceTree = "<group>"; };
		ABBFD0B72B251A6B008DF28C /* XCTTestCase+MemoryLeakTracking.swift */ = {isa = PBXFileReference; lastKnownFileType = sourcecode.swift; path = "XCTTestCase+MemoryLeakTracking.swift"; sourceTree = "<group>"; };
		ABBFD0B92B253239008DF28C /* URLSessionHTTPClient.swift */ = {isa = PBXFileReference; lastKnownFileType = sourcecode.swift; path = URLSessionHTTPClient.swift; sourceTree = "<group>"; };
		ABBFD0BB2B2543E2008DF28C /* EssentialFeed.xctestplan */ = {isa = PBXFileReference; lastKnownFileType = text; path = EssentialFeed.xctestplan; sourceTree = "<group>"; };
		ABBFD0C02B254522008DF28C /* EssentialFeedAPIEndToEndTests.xctest */ = {isa = PBXFileReference; explicitFileType = wrapper.cfbundle; includeInIndex = 0; path = EssentialFeedAPIEndToEndTests.xctest; sourceTree = BUILT_PRODUCTS_DIR; };
		ABBFD0C22B254522008DF28C /* EssentialFeedAPIEndToEndTests.swift */ = {isa = PBXFileReference; lastKnownFileType = sourcecode.swift; path = EssentialFeedAPIEndToEndTests.swift; sourceTree = "<group>"; };
		ABBFD0CB2B254AEE008DF28C /* CI.xctestplan */ = {isa = PBXFileReference; lastKnownFileType = text; path = CI.xctestplan; sourceTree = "<group>"; };
/* End PBXFileReference section */

/* Begin PBXFrameworksBuildPhase section */
		ABBFD0882B1FF6FE008DF28C /* Frameworks */ = {
			isa = PBXFrameworksBuildPhase;
			buildActionMask = 2147483647;
			files = (
			);
			runOnlyForDeploymentPostprocessing = 0;
		};
		ABBFD0922B1FF6FE008DF28C /* Frameworks */ = {
			isa = PBXFrameworksBuildPhase;
			buildActionMask = 2147483647;
			files = (
				ABBFD0962B1FF6FE008DF28C /* EssentialFeed.framework in Frameworks */,
			);
			runOnlyForDeploymentPostprocessing = 0;
		};
		ABBFD0BD2B254522008DF28C /* Frameworks */ = {
			isa = PBXFrameworksBuildPhase;
			buildActionMask = 2147483647;
			files = (
				ABBFD0C42B254522008DF28C /* EssentialFeed.framework in Frameworks */,
			);
			runOnlyForDeploymentPostprocessing = 0;
		};
/* End PBXFrameworksBuildPhase section */

/* Begin PBXGroup section */
		AB20CAD92B29661100EC81EF /* Feed Cache */ = {
			isa = PBXGroup;
			children = (
				AB20CAD72B2965B400EC81EF /* LocalFeedLoader.swift */,
				AB20CADA2B29664700EC81EF /* FeedStore.swift */,
				AB20CADE2B29DB2600EC81EF /* LocalFeedImage.swift */,
				AB20CAEB2B2C1E3700EC81EF /* FeedCachePolicy.swift */,
				AB20CAEF2B2DDA1E00EC81EF /* CodableFeedStore.swift */,
			);
			path = "Feed Cache";
			sourceTree = "<group>";
		};
		AB20CAE42B2B29D100EC81EF /* Helpers */ = {
			isa = PBXGroup;
			children = (
				AB20CAE22B2B29B600EC81EF /* FeedStoreSpy.swift */,
				AB20CAE92B2C0B6800EC81EF /* FeedCacheTestHelpers.swift */,
			);
			path = Helpers;
			sourceTree = "<group>";
		};
		AB29C3B42B2899D300350107 /* Feed Cache */ = {
			isa = PBXGroup;
			children = (
				AB29C3B52B2899EC00350107 /* CacheFeedUseCase.swift */,
				AB20CAE02B2B285000EC81EF /* LoadFeedFromCacheUseCase.swift */,
				AB20CAE52B2C0A0800EC81EF /* ValidateFeedCacheUseCaseTests.swift */,
				AB20CAED2B2D340700EC81EF /* CodableFeedStoreTests.swift */,
				AB20CAE42B2B29D100EC81EF /* Helpers */,
				AB20CAF12B2F434500EC81EF /* FeedStoreSpecs.swift */,
			);
			path = "Feed Cache";
			sourceTree = "<group>";
		};
		AB29C3B72B289D2500350107 /* Helpers */ = {
			isa = PBXGroup;
			children = (
				ABBFD0B72B251A6B008DF28C /* XCTTestCase+MemoryLeakTracking.swift */,
				AB20CAE72B2C0B1F00EC81EF /* SharedTestHelpers.swift */,
			);
			path = Helpers;
			sourceTree = "<group>";
		};
		ABBFD0812B1FF6FE008DF28C = {
			isa = PBXGroup;
			children = (
				ABBFD0CB2B254AEE008DF28C /* CI.xctestplan */,
				ABBFD0BB2B2543E2008DF28C /* EssentialFeed.xctestplan */,
				ABBFD08D2B1FF6FE008DF28C /* EssentialFeed */,
				ABBFD0992B1FF6FE008DF28C /* EssentialFeedTests */,
				ABBFD0C12B254522008DF28C /* EssentialFeedAPIEndToEndTests */,
				ABBFD08C2B1FF6FE008DF28C /* Products */,
			);
			sourceTree = "<group>";
		};
		ABBFD08C2B1FF6FE008DF28C /* Products */ = {
			isa = PBXGroup;
			children = (
				ABBFD08B2B1FF6FE008DF28C /* EssentialFeed.framework */,
				ABBFD0952B1FF6FE008DF28C /* EssentialFeedTests.xctest */,
				ABBFD0C02B254522008DF28C /* EssentialFeedAPIEndToEndTests.xctest */,
			);
			name = Products;
			sourceTree = "<group>";
		};
		ABBFD08D2B1FF6FE008DF28C /* EssentialFeed */ = {
			isa = PBXGroup;
			children = (
				ABBFD08E2B1FF6FE008DF28C /* EssentialFeed.h */,
				ABBFD08F2B1FF6FE008DF28C /* EssentialFeed.docc */,
				ABBFD0AC2B212BF0008DF28C /* FeedAPI */,
				ABBFD0A92B1FFCCD008DF28C /* FeedFeature */,
				AB20CAD92B29661100EC81EF /* Feed Cache */,
			);
			path = EssentialFeed;
			sourceTree = "<group>";
		};
		ABBFD0992B1FF6FE008DF28C /* EssentialFeedTests */ = {
			isa = PBXGroup;
			children = (
				AB29C3B72B289D2500350107 /* Helpers */,
				AB29C3B42B2899D300350107 /* Feed Cache */,
				ABBFD0B32B23DD14008DF28C /* FeedAPI */,
			);
			path = EssentialFeedTests;
			sourceTree = "<group>";
		};
		ABBFD0A92B1FFCCD008DF28C /* FeedFeature */ = {
			isa = PBXGroup;
			children = (
				ABBFD0A52B1FF9F0008DF28C /* FeedImage.swift */,
				ABBFD0A72B1FFC2A008DF28C /* FeedLoader.swift */,
			);
			path = FeedFeature;
			sourceTree = "<group>";
		};
		ABBFD0AC2B212BF0008DF28C /* FeedAPI */ = {
			isa = PBXGroup;
			children = (
				ABBFD0AD2B212C0E008DF28C /* RemoteFeedLoader.swift */,
				ABBFD0AF2B23D623008DF28C /* HTTPClient.swift */,
				ABBFD0B12B23D687008DF28C /* FeedItemsMapper.swift */,
				ABBFD0B92B253239008DF28C /* URLSessionHTTPClient.swift */,
				AB20CADC2B29DAB700EC81EF /* RemoteFeedItem.swift */,
			);
			path = FeedAPI;
			sourceTree = "<group>";
		};
		ABBFD0B32B23DD14008DF28C /* FeedAPI */ = {
			isa = PBXGroup;
			children = (
				ABBFD0AA2B21193C008DF28C /* LoadFeedFromRemoteUseCasesTests.swift */,
				ABBFD0B52B24019E008DF28C /* URLSessionHTTPClientTests.swift */,
			);
			path = FeedAPI;
			sourceTree = "<group>";
		};
		ABBFD0C12B254522008DF28C /* EssentialFeedAPIEndToEndTests */ = {
			isa = PBXGroup;
			children = (
				ABBFD0C22B254522008DF28C /* EssentialFeedAPIEndToEndTests.swift */,
			);
			path = EssentialFeedAPIEndToEndTests;
			sourceTree = "<group>";
		};
/* End PBXGroup section */

/* Begin PBXHeadersBuildPhase section */
		ABBFD0862B1FF6FE008DF28C /* Headers */ = {
			isa = PBXHeadersBuildPhase;
			buildActionMask = 2147483647;
			files = (
				ABBFD09C2B1FF6FE008DF28C /* EssentialFeed.h in Headers */,
			);
			runOnlyForDeploymentPostprocessing = 0;
		};
/* End PBXHeadersBuildPhase section */

/* Begin PBXNativeTarget section */
		ABBFD08A2B1FF6FE008DF28C /* EssentialFeed */ = {
			isa = PBXNativeTarget;
			buildConfigurationList = ABBFD09F2B1FF6FE008DF28C /* Build configuration list for PBXNativeTarget "EssentialFeed" */;
			buildPhases = (
				ABBFD0862B1FF6FE008DF28C /* Headers */,
				ABBFD0872B1FF6FE008DF28C /* Sources */,
				ABBFD0882B1FF6FE008DF28C /* Frameworks */,
				ABBFD0892B1FF6FE008DF28C /* Resources */,
			);
			buildRules = (
			);
			dependencies = (
			);
			name = EssentialFeed;
			productName = EssentialFeed;
			productReference = ABBFD08B2B1FF6FE008DF28C /* EssentialFeed.framework */;
			productType = "com.apple.product-type.framework";
		};
		ABBFD0942B1FF6FE008DF28C /* EssentialFeedTests */ = {
			isa = PBXNativeTarget;
			buildConfigurationList = ABBFD0A22B1FF6FE008DF28C /* Build configuration list for PBXNativeTarget "EssentialFeedTests" */;
			buildPhases = (
				ABBFD0912B1FF6FE008DF28C /* Sources */,
				ABBFD0922B1FF6FE008DF28C /* Frameworks */,
				ABBFD0932B1FF6FE008DF28C /* Resources */,
			);
			buildRules = (
			);
			dependencies = (
				ABBFD0982B1FF6FE008DF28C /* PBXTargetDependency */,
			);
			name = EssentialFeedTests;
			productName = EssentialFeedTests;
			productReference = ABBFD0952B1FF6FE008DF28C /* EssentialFeedTests.xctest */;
			productType = "com.apple.product-type.bundle.unit-test";
		};
		ABBFD0BF2B254522008DF28C /* EssentialFeedAPIEndToEndTests */ = {
			isa = PBXNativeTarget;
			buildConfigurationList = ABBFD0C72B254522008DF28C /* Build configuration list for PBXNativeTarget "EssentialFeedAPIEndToEndTests" */;
			buildPhases = (
				ABBFD0BC2B254522008DF28C /* Sources */,
				ABBFD0BD2B254522008DF28C /* Frameworks */,
				ABBFD0BE2B254522008DF28C /* Resources */,
			);
			buildRules = (
			);
			dependencies = (
				ABBFD0C62B254522008DF28C /* PBXTargetDependency */,
			);
			name = EssentialFeedAPIEndToEndTests;
			productName = EssentialFeedAPIEndToEndTests;
			productReference = ABBFD0C02B254522008DF28C /* EssentialFeedAPIEndToEndTests.xctest */;
			productType = "com.apple.product-type.bundle.unit-test";
		};
/* End PBXNativeTarget section */

/* Begin PBXProject section */
		ABBFD0822B1FF6FE008DF28C /* Project object */ = {
			isa = PBXProject;
			attributes = {
				BuildIndependentTargetsInParallel = 1;
				LastSwiftUpdateCheck = 1500;
				LastUpgradeCheck = 1510;
				TargetAttributes = {
					ABBFD08A2B1FF6FE008DF28C = {
						CreatedOnToolsVersion = 15.0.1;
					};
					ABBFD0942B1FF6FE008DF28C = {
						CreatedOnToolsVersion = 15.0.1;
					};
					ABBFD0BF2B254522008DF28C = {
						CreatedOnToolsVersion = 15.0.1;
					};
				};
			};
			buildConfigurationList = ABBFD0852B1FF6FE008DF28C /* Build configuration list for PBXProject "EssentialFeed" */;
			compatibilityVersion = "Xcode 14.0";
			developmentRegion = en;
			hasScannedForEncodings = 0;
			knownRegions = (
				en,
				Base,
			);
			mainGroup = ABBFD0812B1FF6FE008DF28C;
			productRefGroup = ABBFD08C2B1FF6FE008DF28C /* Products */;
			projectDirPath = "";
			projectRoot = "";
			targets = (
				ABBFD08A2B1FF6FE008DF28C /* EssentialFeed */,
				ABBFD0942B1FF6FE008DF28C /* EssentialFeedTests */,
				ABBFD0BF2B254522008DF28C /* EssentialFeedAPIEndToEndTests */,
			);
		};
/* End PBXProject section */

/* Begin PBXResourcesBuildPhase section */
		ABBFD0892B1FF6FE008DF28C /* Resources */ = {
			isa = PBXResourcesBuildPhase;
			buildActionMask = 2147483647;
			files = (
			);
			runOnlyForDeploymentPostprocessing = 0;
		};
		ABBFD0932B1FF6FE008DF28C /* Resources */ = {
			isa = PBXResourcesBuildPhase;
			buildActionMask = 2147483647;
			files = (
			);
			runOnlyForDeploymentPostprocessing = 0;
		};
		ABBFD0BE2B254522008DF28C /* Resources */ = {
			isa = PBXResourcesBuildPhase;
			buildActionMask = 2147483647;
			files = (
			);
			runOnlyForDeploymentPostprocessing = 0;
		};
/* End PBXResourcesBuildPhase section */

/* Begin PBXSourcesBuildPhase section */
		ABBFD0872B1FF6FE008DF28C /* Sources */ = {
			isa = PBXSourcesBuildPhase;
			buildActionMask = 2147483647;
			files = (
				AB20CADF2B29DB2600EC81EF /* LocalFeedImage.swift in Sources */,
				AB20CADB2B29664700EC81EF /* FeedStore.swift in Sources */,
				ABBFD0BA2B253239008DF28C /* URLSessionHTTPClient.swift in Sources */,
				ABBFD0AE2B212C0E008DF28C /* RemoteFeedLoader.swift in Sources */,
				ABBFD0B02B23D623008DF28C /* HTTPClient.swift in Sources */,
				ABBFD0A82B1FFC2A008DF28C /* FeedLoader.swift in Sources */,
				ABBFD0B22B23D687008DF28C /* FeedItemsMapper.swift in Sources */,
				AB20CADD2B29DAB700EC81EF /* RemoteFeedItem.swift in Sources */,
				AB20CAF02B2DDA1E00EC81EF /* CodableFeedStore.swift in Sources */,
				AB20CAEC2B2C1E3700EC81EF /* FeedCachePolicy.swift in Sources */,
				ABBFD0A62B1FF9F0008DF28C /* FeedImage.swift in Sources */,
				AB20CAD82B2965B400EC81EF /* LocalFeedLoader.swift in Sources */,
				ABBFD0902B1FF6FE008DF28C /* EssentialFeed.docc in Sources */,
			);
			runOnlyForDeploymentPostprocessing = 0;
		};
		ABBFD0912B1FF6FE008DF28C /* Sources */ = {
			isa = PBXSourcesBuildPhase;
			buildActionMask = 2147483647;
			files = (
				AB20CAEE2B2D340700EC81EF /* CodableFeedStoreTests.swift in Sources */,
				AB20CAE62B2C0A0800EC81EF /* ValidateFeedCacheUseCaseTests.swift in Sources */,
				ABBFD0AB2B21193C008DF28C /* LoadFeedFromRemoteUseCasesTests.swift in Sources */,
				ABBFD0B62B24019E008DF28C /* URLSessionHTTPClientTests.swift in Sources */,
				AB20CAE32B2B29B600EC81EF /* FeedStoreSpy.swift in Sources */,
				AB20CAEA2B2C0B6800EC81EF /* FeedCacheTestHelpers.swift in Sources */,
				AB20CAE82B2C0B1F00EC81EF /* SharedTestHelpers.swift in Sources */,
				AB29C3B62B2899EC00350107 /* CacheFeedUseCase.swift in Sources */,
				ABBFD0B82B251A6B008DF28C /* XCTTestCase+MemoryLeakTracking.swift in Sources */,
				AB20CAF22B2F434500EC81EF /* FeedStoreSpecs.swift in Sources */,
				AB20CAE12B2B285000EC81EF /* LoadFeedFromCacheUseCase.swift in Sources */,
			);
			runOnlyForDeploymentPostprocessing = 0;
		};
		ABBFD0BC2B254522008DF28C /* Sources */ = {
			isa = PBXSourcesBuildPhase;
			buildActionMask = 2147483647;
			files = (
				ABBFD0CA2B254A23008DF28C /* XCTTestCase+MemoryLeakTracking.swift in Sources */,
				ABBFD0C32B254522008DF28C /* EssentialFeedAPIEndToEndTests.swift in Sources */,
			);
			runOnlyForDeploymentPostprocessing = 0;
		};
/* End PBXSourcesBuildPhase section */

/* Begin PBXTargetDependency section */
		ABBFD0982B1FF6FE008DF28C /* PBXTargetDependency */ = {
			isa = PBXTargetDependency;
			target = ABBFD08A2B1FF6FE008DF28C /* EssentialFeed */;
			targetProxy = ABBFD0972B1FF6FE008DF28C /* PBXContainerItemProxy */;
		};
		ABBFD0C62B254522008DF28C /* PBXTargetDependency */ = {
			isa = PBXTargetDependency;
			target = ABBFD08A2B1FF6FE008DF28C /* EssentialFeed */;
			targetProxy = ABBFD0C52B254522008DF28C /* PBXContainerItemProxy */;
		};
/* End PBXTargetDependency section */

/* Begin XCBuildConfiguration section */
		ABBFD09D2B1FF6FE008DF28C /* Debug */ = {
			isa = XCBuildConfiguration;
			buildSettings = {
				ALWAYS_SEARCH_USER_PATHS = NO;
				ASSETCATALOG_COMPILER_GENERATE_SWIFT_ASSET_SYMBOL_EXTENSIONS = YES;
				CLANG_ANALYZER_NONNULL = YES;
				CLANG_ANALYZER_NUMBER_OBJECT_CONVERSION = YES_AGGRESSIVE;
				CLANG_CXX_LANGUAGE_STANDARD = "gnu++20";
				CLANG_ENABLE_MODULES = YES;
				CLANG_ENABLE_OBJC_ARC = YES;
				CLANG_ENABLE_OBJC_WEAK = YES;
				CLANG_WARN_BLOCK_CAPTURE_AUTORELEASING = YES;
				CLANG_WARN_BOOL_CONVERSION = YES;
				CLANG_WARN_COMMA = YES;
				CLANG_WARN_CONSTANT_CONVERSION = YES;
				CLANG_WARN_DEPRECATED_OBJC_IMPLEMENTATIONS = YES;
				CLANG_WARN_DIRECT_OBJC_ISA_USAGE = YES_ERROR;
				CLANG_WARN_DOCUMENTATION_COMMENTS = YES;
				CLANG_WARN_EMPTY_BODY = YES;
				CLANG_WARN_ENUM_CONVERSION = YES;
				CLANG_WARN_INFINITE_RECURSION = YES;
				CLANG_WARN_INT_CONVERSION = YES;
				CLANG_WARN_NON_LITERAL_NULL_CONVERSION = YES;
				CLANG_WARN_OBJC_IMPLICIT_RETAIN_SELF = YES;
				CLANG_WARN_OBJC_LITERAL_CONVERSION = YES;
				CLANG_WARN_OBJC_ROOT_CLASS = YES_ERROR;
				CLANG_WARN_QUOTED_INCLUDE_IN_FRAMEWORK_HEADER = YES;
				CLANG_WARN_RANGE_LOOP_ANALYSIS = YES;
				CLANG_WARN_STRICT_PROTOTYPES = YES;
				CLANG_WARN_SUSPICIOUS_MOVE = YES;
				CLANG_WARN_UNGUARDED_AVAILABILITY = YES_AGGRESSIVE;
				CLANG_WARN_UNREACHABLE_CODE = YES;
				CLANG_WARN__DUPLICATE_METHOD_MATCH = YES;
				COPY_PHASE_STRIP = NO;
				CURRENT_PROJECT_VERSION = 1;
				DEAD_CODE_STRIPPING = YES;
				DEBUG_INFORMATION_FORMAT = dwarf;
				ENABLE_STRICT_OBJC_MSGSEND = YES;
				ENABLE_TESTABILITY = YES;
				ENABLE_USER_SCRIPT_SANDBOXING = YES;
				GCC_C_LANGUAGE_STANDARD = gnu17;
				GCC_DYNAMIC_NO_PIC = NO;
				GCC_NO_COMMON_BLOCKS = YES;
				GCC_OPTIMIZATION_LEVEL = 0;
				GCC_PREPROCESSOR_DEFINITIONS = (
					"DEBUG=1",
					"$(inherited)",
				);
				GCC_WARN_64_TO_32_BIT_CONVERSION = YES;
				GCC_WARN_ABOUT_RETURN_TYPE = YES_ERROR;
				GCC_WARN_UNDECLARED_SELECTOR = YES;
				GCC_WARN_UNINITIALIZED_AUTOS = YES_AGGRESSIVE;
				GCC_WARN_UNUSED_FUNCTION = YES;
				GCC_WARN_UNUSED_VARIABLE = YES;
				LOCALIZATION_PREFERS_STRING_CATALOGS = YES;
				MACOSX_DEPLOYMENT_TARGET = 14.0;
				MTL_ENABLE_DEBUG_INFO = INCLUDE_SOURCE;
				MTL_FAST_MATH = YES;
				ONLY_ACTIVE_ARCH = YES;
				SDKROOT = macosx;
				SWIFT_ACTIVE_COMPILATION_CONDITIONS = "DEBUG $(inherited)";
				SWIFT_OPTIMIZATION_LEVEL = "-Onone";
				VERSIONING_SYSTEM = "apple-generic";
				VERSION_INFO_PREFIX = "";
			};
			name = Debug;
		};
		ABBFD09E2B1FF6FE008DF28C /* Release */ = {
			isa = XCBuildConfiguration;
			buildSettings = {
				ALWAYS_SEARCH_USER_PATHS = NO;
				ASSETCATALOG_COMPILER_GENERATE_SWIFT_ASSET_SYMBOL_EXTENSIONS = YES;
				CLANG_ANALYZER_NONNULL = YES;
				CLANG_ANALYZER_NUMBER_OBJECT_CONVERSION = YES_AGGRESSIVE;
				CLANG_CXX_LANGUAGE_STANDARD = "gnu++20";
				CLANG_ENABLE_MODULES = YES;
				CLANG_ENABLE_OBJC_ARC = YES;
				CLANG_ENABLE_OBJC_WEAK = YES;
				CLANG_WARN_BLOCK_CAPTURE_AUTORELEASING = YES;
				CLANG_WARN_BOOL_CONVERSION = YES;
				CLANG_WARN_COMMA = YES;
				CLANG_WARN_CONSTANT_CONVERSION = YES;
				CLANG_WARN_DEPRECATED_OBJC_IMPLEMENTATIONS = YES;
				CLANG_WARN_DIRECT_OBJC_ISA_USAGE = YES_ERROR;
				CLANG_WARN_DOCUMENTATION_COMMENTS = YES;
				CLANG_WARN_EMPTY_BODY = YES;
				CLANG_WARN_ENUM_CONVERSION = YES;
				CLANG_WARN_INFINITE_RECURSION = YES;
				CLANG_WARN_INT_CONVERSION = YES;
				CLANG_WARN_NON_LITERAL_NULL_CONVERSION = YES;
				CLANG_WARN_OBJC_IMPLICIT_RETAIN_SELF = YES;
				CLANG_WARN_OBJC_LITERAL_CONVERSION = YES;
				CLANG_WARN_OBJC_ROOT_CLASS = YES_ERROR;
				CLANG_WARN_QUOTED_INCLUDE_IN_FRAMEWORK_HEADER = YES;
				CLANG_WARN_RANGE_LOOP_ANALYSIS = YES;
				CLANG_WARN_STRICT_PROTOTYPES = YES;
				CLANG_WARN_SUSPICIOUS_MOVE = YES;
				CLANG_WARN_UNGUARDED_AVAILABILITY = YES_AGGRESSIVE;
				CLANG_WARN_UNREACHABLE_CODE = YES;
				CLANG_WARN__DUPLICATE_METHOD_MATCH = YES;
				COPY_PHASE_STRIP = NO;
				CURRENT_PROJECT_VERSION = 1;
				DEAD_CODE_STRIPPING = YES;
				DEBUG_INFORMATION_FORMAT = "dwarf-with-dsym";
				ENABLE_NS_ASSERTIONS = NO;
				ENABLE_STRICT_OBJC_MSGSEND = YES;
				ENABLE_USER_SCRIPT_SANDBOXING = YES;
				GCC_C_LANGUAGE_STANDARD = gnu17;
				GCC_NO_COMMON_BLOCKS = YES;
				GCC_WARN_64_TO_32_BIT_CONVERSION = YES;
				GCC_WARN_ABOUT_RETURN_TYPE = YES_ERROR;
				GCC_WARN_UNDECLARED_SELECTOR = YES;
				GCC_WARN_UNINITIALIZED_AUTOS = YES_AGGRESSIVE;
				GCC_WARN_UNUSED_FUNCTION = YES;
				GCC_WARN_UNUSED_VARIABLE = YES;
				LOCALIZATION_PREFERS_STRING_CATALOGS = YES;
				MACOSX_DEPLOYMENT_TARGET = 14.0;
				MTL_ENABLE_DEBUG_INFO = NO;
				MTL_FAST_MATH = YES;
				SDKROOT = macosx;
				SWIFT_COMPILATION_MODE = wholemodule;
				VERSIONING_SYSTEM = "apple-generic";
				VERSION_INFO_PREFIX = "";
			};
			name = Release;
		};
		ABBFD0A02B1FF6FE008DF28C /* Debug */ = {
			isa = XCBuildConfiguration;
			buildSettings = {
				CODE_SIGN_IDENTITY = "";
				CODE_SIGN_STYLE = Manual;
				COMBINE_HIDPI_IMAGES = YES;
				CURRENT_PROJECT_VERSION = 1;
				DEAD_CODE_STRIPPING = YES;
				DEFINES_MODULE = YES;
				DEVELOPMENT_TEAM = "";
				"DEVELOPMENT_TEAM[sdk=macosx*]" = VGUCD6ZAV7;
				DYLIB_COMPATIBILITY_VERSION = 1;
				DYLIB_CURRENT_VERSION = 1;
				DYLIB_INSTALL_NAME_BASE = "@rpath";
				ENABLE_MODULE_VERIFIER = YES;
				GENERATE_INFOPLIST_FILE = YES;
				INFOPLIST_KEY_NSHumanReadableCopyright = "";
				INSTALL_PATH = "$(LOCAL_LIBRARY_DIR)/Frameworks";
				LD_RUNPATH_SEARCH_PATHS = (
					"$(inherited)",
					"@executable_path/../Frameworks",
					"@loader_path/Frameworks",
				);
				MACOSX_DEPLOYMENT_TARGET = 12.4;
				MARKETING_VERSION = 1.0;
				MODULE_VERIFIER_SUPPORTED_LANGUAGES = "objective-c objective-c++";
				MODULE_VERIFIER_SUPPORTED_LANGUAGE_STANDARDS = "gnu17 gnu++20";
				PRODUCT_BUNDLE_IDENTIFIER = com.lo.EssentialFeed;
				PRODUCT_NAME = "$(TARGET_NAME:c99extidentifier)";
				PROVISIONING_PROFILE_SPECIFIER = "";
				SKIP_INSTALL = YES;
				SWIFT_EMIT_LOC_STRINGS = YES;
				SWIFT_VERSION = 5.0;
			};
			name = Debug;
		};
		ABBFD0A12B1FF6FE008DF28C /* Release */ = {
			isa = XCBuildConfiguration;
			buildSettings = {
				CODE_SIGN_IDENTITY = "";
				CODE_SIGN_STYLE = Manual;
				COMBINE_HIDPI_IMAGES = YES;
				CURRENT_PROJECT_VERSION = 1;
				DEAD_CODE_STRIPPING = YES;
				DEFINES_MODULE = YES;
				DEVELOPMENT_TEAM = "";
				"DEVELOPMENT_TEAM[sdk=macosx*]" = VGUCD6ZAV7;
				DYLIB_COMPATIBILITY_VERSION = 1;
				DYLIB_CURRENT_VERSION = 1;
				DYLIB_INSTALL_NAME_BASE = "@rpath";
				ENABLE_MODULE_VERIFIER = YES;
				GENERATE_INFOPLIST_FILE = YES;
				INFOPLIST_KEY_NSHumanReadableCopyright = "";
				INSTALL_PATH = "$(LOCAL_LIBRARY_DIR)/Frameworks";
				LD_RUNPATH_SEARCH_PATHS = (
					"$(inherited)",
					"@executable_path/../Frameworks",
					"@loader_path/Frameworks",
				);
				MACOSX_DEPLOYMENT_TARGET = 12.4;
				MARKETING_VERSION = 1.0;
				MODULE_VERIFIER_SUPPORTED_LANGUAGES = "objective-c objective-c++";
				MODULE_VERIFIER_SUPPORTED_LANGUAGE_STANDARDS = "gnu17 gnu++20";
				PRODUCT_BUNDLE_IDENTIFIER = com.lo.EssentialFeed;
				PRODUCT_NAME = "$(TARGET_NAME:c99extidentifier)";
				PROVISIONING_PROFILE_SPECIFIER = "";
				SKIP_INSTALL = YES;
				SWIFT_EMIT_LOC_STRINGS = YES;
				SWIFT_VERSION = 5.0;
			};
			name = Release;
		};
		ABBFD0A32B1FF6FE008DF28C /* Debug */ = {
			isa = XCBuildConfiguration;
			buildSettings = {
				ALWAYS_EMBED_SWIFT_STANDARD_LIBRARIES = YES;
				CODE_SIGN_STYLE = Manual;
				CURRENT_PROJECT_VERSION = 1;
				DEAD_CODE_STRIPPING = YES;
				DEVELOPMENT_TEAM = "";
				"DEVELOPMENT_TEAM[sdk=macosx*]" = VGUCD6ZAV7;
				GENERATE_INFOPLIST_FILE = YES;
				MACOSX_DEPLOYMENT_TARGET = 12.4;
				MARKETING_VERSION = 1.0;
				PRODUCT_BUNDLE_IDENTIFIER = com.lo.EssentialFeedTests;
				PRODUCT_NAME = "$(TARGET_NAME)";
				PROVISIONING_PROFILE_SPECIFIER = "";
				SWIFT_EMIT_LOC_STRINGS = NO;
				SWIFT_VERSION = 5.0;
			};
			name = Debug;
		};
		ABBFD0A42B1FF6FE008DF28C /* Release */ = {
			isa = XCBuildConfiguration;
			buildSettings = {
				ALWAYS_EMBED_SWIFT_STANDARD_LIBRARIES = YES;
				CODE_SIGN_STYLE = Manual;
				CURRENT_PROJECT_VERSION = 1;
				DEAD_CODE_STRIPPING = YES;
				DEVELOPMENT_TEAM = "";
				"DEVELOPMENT_TEAM[sdk=macosx*]" = VGUCD6ZAV7;
				GENERATE_INFOPLIST_FILE = YES;
				MACOSX_DEPLOYMENT_TARGET = 12.4;
				MARKETING_VERSION = 1.0;
				PRODUCT_BUNDLE_IDENTIFIER = com.lo.EssentialFeedTests;
				PRODUCT_NAME = "$(TARGET_NAME)";
				PROVISIONING_PROFILE_SPECIFIER = "";
				SWIFT_EMIT_LOC_STRINGS = NO;
				SWIFT_VERSION = 5.0;
			};
			name = Release;
		};
		ABBFD0C82B254522008DF28C /* Debug */ = {
			isa = XCBuildConfiguration;
			buildSettings = {
				CODE_SIGN_STYLE = Manual;
				CURRENT_PROJECT_VERSION = 1;
				DEAD_CODE_STRIPPING = YES;
				DEVELOPMENT_TEAM = "";
				"DEVELOPMENT_TEAM[sdk=macosx*]" = VGUCD6ZAV7;
				GENERATE_INFOPLIST_FILE = YES;
				MACOSX_DEPLOYMENT_TARGET = 12.4;
				MARKETING_VERSION = 1.0;
				PRODUCT_BUNDLE_IDENTIFIER = com.lo.EssentialFeedAPIEndToEndTests;
				PRODUCT_NAME = "$(TARGET_NAME)";
				PROVISIONING_PROFILE_SPECIFIER = "";
				SWIFT_EMIT_LOC_STRINGS = NO;
				SWIFT_VERSION = 5.0;
			};
			name = Debug;
		};
		ABBFD0C92B254522008DF28C /* Release */ = {
			isa = XCBuildConfiguration;
			buildSettings = {
				CODE_SIGN_STYLE = Manual;
				CURRENT_PROJECT_VERSION = 1;
				DEAD_CODE_STRIPPING = YES;
				DEVELOPMENT_TEAM = "";
				"DEVELOPMENT_TEAM[sdk=macosx*]" = VGUCD6ZAV7;
				GENERATE_INFOPLIST_FILE = YES;
				MACOSX_DEPLOYMENT_TARGET = 12.4;
				MARKETING_VERSION = 1.0;
				PRODUCT_BUNDLE_IDENTIFIER = com.lo.EssentialFeedAPIEndToEndTests;
				PRODUCT_NAME = "$(TARGET_NAME)";
				PROVISIONING_PROFILE_SPECIFIER = "";
				SWIFT_EMIT_LOC_STRINGS = NO;
				SWIFT_VERSION = 5.0;
			};
			name = Release;
		};
/* End XCBuildConfiguration section */

/* Begin XCConfigurationList section */
		ABBFD0852B1FF6FE008DF28C /* Build configuration list for PBXProject "EssentialFeed" */ = {
			isa = XCConfigurationList;
			buildConfigurations = (
				ABBFD09D2B1FF6FE008DF28C /* Debug */,
				ABBFD09E2B1FF6FE008DF28C /* Release */,
			);
			defaultConfigurationIsVisible = 0;
			defaultConfigurationName = Release;
		};
		ABBFD09F2B1FF6FE008DF28C /* Build configuration list for PBXNativeTarget "EssentialFeed" */ = {
			isa = XCConfigurationList;
			buildConfigurations = (
				ABBFD0A02B1FF6FE008DF28C /* Debug */,
				ABBFD0A12B1FF6FE008DF28C /* Release */,
			);
			defaultConfigurationIsVisible = 0;
			defaultConfigurationName = Release;
		};
		ABBFD0A22B1FF6FE008DF28C /* Build configuration list for PBXNativeTarget "EssentialFeedTests" */ = {
			isa = XCConfigurationList;
			buildConfigurations = (
				ABBFD0A32B1FF6FE008DF28C /* Debug */,
				ABBFD0A42B1FF6FE008DF28C /* Release */,
			);
			defaultConfigurationIsVisible = 0;
			defaultConfigurationName = Release;
		};
		ABBFD0C72B254522008DF28C /* Build configuration list for PBXNativeTarget "EssentialFeedAPIEndToEndTests" */ = {
			isa = XCConfigurationList;
			buildConfigurations = (
				ABBFD0C82B254522008DF28C /* Debug */,
				ABBFD0C92B254522008DF28C /* Release */,
			);
			defaultConfigurationIsVisible = 0;
			defaultConfigurationName = Release;
		};
/* End XCConfigurationList section */
	};
	rootObject = ABBFD0822B1FF6FE008DF28C /* Project object */;
}
