// !$*UTF8*$!
{
	archiveVersion = 1;
	classes = {
	};
	objectVersion = 56;
	objects = {

/* Begin PBXBuildFile section */
		AB3A81B62B53B7E2001C5346 /* XCTestCase+Helpers.swift in Sources */ = {isa = PBXBuildFile; fileRef = AB3A81B52B53B7E2001C5346 /* XCTestCase+Helpers.swift */; };
		AB59F02B2B66DAEB00C6D7BF /* FeedLoaderPresentationAdapter.swift in Sources */ = {isa = PBXBuildFile; fileRef = AB59F02A2B66DAEB00C6D7BF /* FeedLoaderPresentationAdapter.swift */; };
		AB727E972B606CE70099130E /* EssentialFeedAPI.framework in Frameworks */ = {isa = PBXBuildFile; fileRef = AB727E962B606CE70099130E /* EssentialFeedAPI.framework */; };
		AB727E982B606CE70099130E /* EssentialFeedAPI.framework in Embed Frameworks */ = {isa = PBXBuildFile; fileRef = AB727E962B606CE70099130E /* EssentialFeedAPI.framework */; settings = {ATTRIBUTES = (CodeSignOnCopy, RemoveHeadersOnCopy, ); }; };
		ABB0F58F2B53BD580026ECEB /* EssentialFeed.framework in Frameworks */ = {isa = PBXBuildFile; fileRef = ABB0F58D2B53BD580026ECEB /* EssentialFeed.framework */; };
		ABB0F5902B53BD580026ECEB /* EssentialFeed.framework in Embed Frameworks */ = {isa = PBXBuildFile; fileRef = ABB0F58D2B53BD580026ECEB /* EssentialFeed.framework */; settings = {ATTRIBUTES = (CodeSignOnCopy, RemoveHeadersOnCopy, ); }; };
		ABB0F5912B53BD580026ECEB /* EssentialFeediOS.framework in Frameworks */ = {isa = PBXBuildFile; fileRef = ABB0F58E2B53BD580026ECEB /* EssentialFeediOS.framework */; };
		ABB0F5922B53BD580026ECEB /* EssentialFeediOS.framework in Embed Frameworks */ = {isa = PBXBuildFile; fileRef = ABB0F58E2B53BD580026ECEB /* EssentialFeediOS.framework */; settings = {ATTRIBUTES = (CodeSignOnCopy, RemoveHeadersOnCopy, ); }; };
		ABB0F59D2B5553CF0026ECEB /* MemoryLeaksTracker.swift in Sources */ = {isa = PBXBuildFile; fileRef = ABB0F59C2B5553CF0026ECEB /* MemoryLeaksTracker.swift */; };
		ABB0F59F2B5553E90026ECEB /* FeedLoaderStub.swift in Sources */ = {isa = PBXBuildFile; fileRef = ABB0F59E2B5553E90026ECEB /* FeedLoaderStub.swift */; };
		ABB0F5A12B5554A60026ECEB /* XCTTestCase+FeedLoader.swift in Sources */ = {isa = PBXBuildFile; fileRef = ABB0F5A02B5554A60026ECEB /* XCTTestCase+FeedLoader.swift */; };
		ABB0F5B72B5562970026ECEB /* FeedImageDataLoaderSpy.swift in Sources */ = {isa = PBXBuildFile; fileRef = ABB0F5B62B5562970026ECEB /* FeedImageDataLoaderSpy.swift */; };
		ABB0F5B92B55636B0026ECEB /* XCTestCase+FeedImageDataLoaderTestCase.swift in Sources */ = {isa = PBXBuildFile; fileRef = ABB0F5B82B55636B0026ECEB /* XCTestCase+FeedImageDataLoaderTestCase.swift */; };
		ABB0F5D02B5C070B0026ECEB /* SceneDelgateTests.swift in Sources */ = {isa = PBXBuildFile; fileRef = ABB0F5CF2B5C070B0026ECEB /* SceneDelgateTests.swift */; };
		ABC2ADC22B5C0B0200A4F299 /* FeedImageDataLoaderPresentationAdapter.swift in Sources */ = {isa = PBXBuildFile; fileRef = ABC2ADC12B5C0B0200A4F299 /* FeedImageDataLoaderPresentationAdapter.swift */; };
		ABC2ADC92B5C0B2A00A4F299 /* WeakRefVirtualProxy.swift in Sources */ = {isa = PBXBuildFile; fileRef = ABC2ADC42B5C0B2A00A4F299 /* WeakRefVirtualProxy.swift */; };
		ABC2ADCA2B5C0B2A00A4F299 /* FeedUIComposer.swift in Sources */ = {isa = PBXBuildFile; fileRef = ABC2ADC72B5C0B2A00A4F299 /* FeedUIComposer.swift */; };
		ABC2ADCC2B5C0B2A00A4F299 /* FeedViewAdapter.swift in Sources */ = {isa = PBXBuildFile; fileRef = ABC2ADC52B5C0B2A00A4F299 /* FeedViewAdapter.swift */; };
		ABC2ADCF2B5C0C1C00A4F299 /* FeedViewControllerTests+Extensions.swift in Sources */ = {isa = PBXBuildFile; fileRef = ABC2ADCE2B5C0C1C00A4F299 /* FeedViewControllerTests+Extensions.swift */; };
		ABC2ADD12B5C0C7C00A4F299 /* FeedUIIntegrationTests.swift in Sources */ = {isa = PBXBuildFile; fileRef = ABC2ADD02B5C0C7C00A4F299 /* FeedUIIntegrationTests.swift */; };
		ABC2ADD32B5C10FB00A4F299 /* FeedAcceptanceTests.swift in Sources */ = {isa = PBXBuildFile; fileRef = ABC2ADD22B5C10FB00A4F299 /* FeedAcceptanceTests.swift */; };
		ABD92A702B50245300764EE7 /* AppDelegate.swift in Sources */ = {isa = PBXBuildFile; fileRef = ABD92A6F2B50245300764EE7 /* AppDelegate.swift */; };
		ABD92A722B50245300764EE7 /* SceneDelegate.swift in Sources */ = {isa = PBXBuildFile; fileRef = ABD92A712B50245300764EE7 /* SceneDelegate.swift */; };
		ABD92A742B50245300764EE7 /* ViewController.swift in Sources */ = {isa = PBXBuildFile; fileRef = ABD92A732B50245300764EE7 /* ViewController.swift */; };
		ABD92A772B50245300764EE7 /* Main.storyboard in Resources */ = {isa = PBXBuildFile; fileRef = ABD92A752B50245300764EE7 /* Main.storyboard */; };
		ABD92A792B50245400764EE7 /* Assets.xcassets in Resources */ = {isa = PBXBuildFile; fileRef = ABD92A782B50245400764EE7 /* Assets.xcassets */; };
		ABD92A7C2B50245400764EE7 /* LaunchScreen.storyboard in Resources */ = {isa = PBXBuildFile; fileRef = ABD92A7A2B50245400764EE7 /* LaunchScreen.storyboard */; };
/* End PBXBuildFile section */

/* Begin PBXContainerItemProxy section */
		ABD92A832B50245400764EE7 /* PBXContainerItemProxy */ = {
			isa = PBXContainerItemProxy;
			containerPortal = ABD92A642B50245300764EE7 /* Project object */;
			proxyType = 1;
			remoteGlobalIDString = ABD92A6B2B50245300764EE7;
			remoteInfo = EssentialApp;
		};
/* End PBXContainerItemProxy section */

/* Begin PBXCopyFilesBuildPhase section */
		AB44BFF32B502A3900B066AE /* Embed Frameworks */ = {
			isa = PBXCopyFilesBuildPhase;
			buildActionMask = 2147483647;
			dstPath = "";
			dstSubfolderSpec = 10;
			files = (
				AB727E982B606CE70099130E /* EssentialFeedAPI.framework in Embed Frameworks */,
				ABB0F5902B53BD580026ECEB /* EssentialFeed.framework in Embed Frameworks */,
				ABB0F5922B53BD580026ECEB /* EssentialFeediOS.framework in Embed Frameworks */,
			);
			name = "Embed Frameworks";
			runOnlyForDeploymentPostprocessing = 0;
		};
/* End PBXCopyFilesBuildPhase section */

/* Begin PBXFileReference section */
		AB3A81B52B53B7E2001C5346 /* XCTestCase+Helpers.swift */ = {isa = PBXFileReference; lastKnownFileType = sourcecode.swift; path = "XCTestCase+Helpers.swift"; sourceTree = "<group>"; };
		AB59F02A2B66DAEB00C6D7BF /* FeedLoaderPresentationAdapter.swift */ = {isa = PBXFileReference; fileEncoding = 4; lastKnownFileType = sourcecode.swift; path = FeedLoaderPresentationAdapter.swift; sourceTree = "<group>"; };
		AB727E962B606CE70099130E /* EssentialFeedAPI.framework */ = {isa = PBXFileReference; explicitFileType = wrapper.framework; path = EssentialFeedAPI.framework; sourceTree = BUILT_PRODUCTS_DIR; };
		ABB0F58D2B53BD580026ECEB /* EssentialFeed.framework */ = {isa = PBXFileReference; explicitFileType = wrapper.framework; path = EssentialFeed.framework; sourceTree = BUILT_PRODUCTS_DIR; };
		ABB0F58E2B53BD580026ECEB /* EssentialFeediOS.framework */ = {isa = PBXFileReference; explicitFileType = wrapper.framework; path = EssentialFeediOS.framework; sourceTree = BUILT_PRODUCTS_DIR; };
		ABB0F59C2B5553CF0026ECEB /* MemoryLeaksTracker.swift */ = {isa = PBXFileReference; lastKnownFileType = sourcecode.swift; path = MemoryLeaksTracker.swift; sourceTree = "<group>"; };
		ABB0F59E2B5553E90026ECEB /* FeedLoaderStub.swift */ = {isa = PBXFileReference; lastKnownFileType = sourcecode.swift; path = FeedLoaderStub.swift; sourceTree = "<group>"; };
		ABB0F5A02B5554A60026ECEB /* XCTTestCase+FeedLoader.swift */ = {isa = PBXFileReference; lastKnownFileType = sourcecode.swift; path = "XCTTestCase+FeedLoader.swift"; sourceTree = "<group>"; };
		ABB0F5B62B5562970026ECEB /* FeedImageDataLoaderSpy.swift */ = {isa = PBXFileReference; lastKnownFileType = sourcecode.swift; path = FeedImageDataLoaderSpy.swift; sourceTree = "<group>"; };
		ABB0F5B82B55636B0026ECEB /* XCTestCase+FeedImageDataLoaderTestCase.swift */ = {isa = PBXFileReference; lastKnownFileType = sourcecode.swift; path = "XCTestCase+FeedImageDataLoaderTestCase.swift"; sourceTree = "<group>"; };
		ABB0F5CF2B5C070B0026ECEB /* SceneDelgateTests.swift */ = {isa = PBXFileReference; lastKnownFileType = sourcecode.swift; path = SceneDelgateTests.swift; sourceTree = "<group>"; };
		ABC2ADC12B5C0B0200A4F299 /* FeedImageDataLoaderPresentationAdapter.swift */ = {isa = PBXFileReference; lastKnownFileType = sourcecode.swift; path = FeedImageDataLoaderPresentationAdapter.swift; sourceTree = "<group>"; };
		ABC2ADC42B5C0B2A00A4F299 /* WeakRefVirtualProxy.swift */ = {isa = PBXFileReference; lastKnownFileType = sourcecode.swift; path = WeakRefVirtualProxy.swift; sourceTree = "<group>"; };
		ABC2ADC52B5C0B2A00A4F299 /* FeedViewAdapter.swift */ = {isa = PBXFileReference; lastKnownFileType = sourcecode.swift; path = FeedViewAdapter.swift; sourceTree = "<group>"; };
		ABC2ADC72B5C0B2A00A4F299 /* FeedUIComposer.swift */ = {isa = PBXFileReference; lastKnownFileType = sourcecode.swift; path = FeedUIComposer.swift; sourceTree = "<group>"; };
		ABC2ADCE2B5C0C1C00A4F299 /* FeedViewControllerTests+Extensions.swift */ = {isa = PBXFileReference; fileEncoding = 4; lastKnownFileType = sourcecode.swift; path = "FeedViewControllerTests+Extensions.swift"; sourceTree = "<group>"; };
		ABC2ADD02B5C0C7C00A4F299 /* FeedUIIntegrationTests.swift */ = {isa = PBXFileReference; lastKnownFileType = sourcecode.swift; path = FeedUIIntegrationTests.swift; sourceTree = "<group>"; };
		ABC2ADD22B5C10FB00A4F299 /* FeedAcceptanceTests.swift */ = {isa = PBXFileReference; lastKnownFileType = sourcecode.swift; path = FeedAcceptanceTests.swift; sourceTree = "<group>"; };
		ABD92A6C2B50245300764EE7 /* EssentialApp.app */ = {isa = PBXFileReference; explicitFileType = wrapper.application; includeInIndex = 0; path = EssentialApp.app; sourceTree = BUILT_PRODUCTS_DIR; };
		ABD92A6F2B50245300764EE7 /* AppDelegate.swift */ = {isa = PBXFileReference; lastKnownFileType = sourcecode.swift; path = AppDelegate.swift; sourceTree = "<group>"; };
		ABD92A712B50245300764EE7 /* SceneDelegate.swift */ = {isa = PBXFileReference; lastKnownFileType = sourcecode.swift; path = SceneDelegate.swift; sourceTree = "<group>"; };
		ABD92A732B50245300764EE7 /* ViewController.swift */ = {isa = PBXFileReference; lastKnownFileType = sourcecode.swift; path = ViewController.swift; sourceTree = "<group>"; };
		ABD92A762B50245300764EE7 /* Base */ = {isa = PBXFileReference; lastKnownFileType = file.storyboard; name = Base; path = Base.lproj/Main.storyboard; sourceTree = "<group>"; };
		ABD92A782B50245400764EE7 /* Assets.xcassets */ = {isa = PBXFileReference; lastKnownFileType = folder.assetcatalog; path = Assets.xcassets; sourceTree = "<group>"; };
		ABD92A7B2B50245400764EE7 /* Base */ = {isa = PBXFileReference; lastKnownFileType = file.storyboard; name = Base; path = Base.lproj/LaunchScreen.storyboard; sourceTree = "<group>"; };
		ABD92A7D2B50245400764EE7 /* Info.plist */ = {isa = PBXFileReference; lastKnownFileType = text.plist.xml; path = Info.plist; sourceTree = "<group>"; };
		ABD92A822B50245400764EE7 /* EssentialAppTests.xctest */ = {isa = PBXFileReference; explicitFileType = wrapper.cfbundle; includeInIndex = 0; path = EssentialAppTests.xctest; sourceTree = BUILT_PRODUCTS_DIR; };
/* End PBXFileReference section */

/* Begin PBXFrameworksBuildPhase section */
		ABD92A692B50245300764EE7 /* Frameworks */ = {
			isa = PBXFrameworksBuildPhase;
			buildActionMask = 2147483647;
			files = (
				AB727E972B606CE70099130E /* EssentialFeedAPI.framework in Frameworks */,
				ABB0F58F2B53BD580026ECEB /* EssentialFeed.framework in Frameworks */,
				ABB0F5912B53BD580026ECEB /* EssentialFeediOS.framework in Frameworks */,
			);
			runOnlyForDeploymentPostprocessing = 0;
		};
		ABD92A7F2B50245400764EE7 /* Frameworks */ = {
			isa = PBXFrameworksBuildPhase;
			buildActionMask = 2147483647;
			files = (
			);
			runOnlyForDeploymentPostprocessing = 0;
		};
/* End PBXFrameworksBuildPhase section */

/* Begin PBXGroup section */
		AB44BFEF2B502A3900B066AE /* Frameworks */ = {
			isa = PBXGroup;
			children = (
				AB727E962B606CE70099130E /* EssentialFeedAPI.framework */,
				ABB0F58D2B53BD580026ECEB /* EssentialFeed.framework */,
				ABB0F58E2B53BD580026ECEB /* EssentialFeediOS.framework */,
			);
			name = Frameworks;
			sourceTree = "<group>";
		};
		ABB0F59B2B5553BB0026ECEB /* Helpers */ = {
			isa = PBXGroup;
			children = (
				ABC2ADCE2B5C0C1C00A4F299 /* FeedViewControllerTests+Extensions.swift */,
				AB3A81B52B53B7E2001C5346 /* XCTestCase+Helpers.swift */,
				ABB0F59C2B5553CF0026ECEB /* MemoryLeaksTracker.swift */,
				ABB0F59E2B5553E90026ECEB /* FeedLoaderStub.swift */,
				ABB0F5A02B5554A60026ECEB /* XCTTestCase+FeedLoader.swift */,
				ABB0F5B62B5562970026ECEB /* FeedImageDataLoaderSpy.swift */,
				ABB0F5B82B55636B0026ECEB /* XCTestCase+FeedImageDataLoaderTestCase.swift */,
			);
			path = Helpers;
			sourceTree = "<group>";
		};
		ABC2ADCD2B5C0B3A00A4F299 /* Composer */ = {
			isa = PBXGroup;
			children = (
				ABC2ADC72B5C0B2A00A4F299 /* FeedUIComposer.swift */,
				ABC2ADC12B5C0B0200A4F299 /* FeedImageDataLoaderPresentationAdapter.swift */,
			);
			path = Composer;
			sourceTree = "<group>";
		};
		ABD92A632B50245300764EE7 = {
			isa = PBXGroup;
			children = (
				ABD92A6E2B50245300764EE7 /* EssentialApp */,
				ABD92A852B50245400764EE7 /* EssentialAppTests */,
				ABD92A6D2B50245300764EE7 /* Products */,
				AB44BFEF2B502A3900B066AE /* Frameworks */,
			);
			sourceTree = "<group>";
		};
		ABD92A6D2B50245300764EE7 /* Products */ = {
			isa = PBXGroup;
			children = (
				ABD92A6C2B50245300764EE7 /* EssentialApp.app */,
				ABD92A822B50245400764EE7 /* EssentialAppTests.xctest */,
			);
			name = Products;
			sourceTree = "<group>";
		};
		ABD92A6E2B50245300764EE7 /* EssentialApp */ = {
			isa = PBXGroup;
			children = (
				AB59F02A2B66DAEB00C6D7BF /* FeedLoaderPresentationAdapter.swift */,
				ABC2ADC42B5C0B2A00A4F299 /* WeakRefVirtualProxy.swift */,
				ABC2ADC52B5C0B2A00A4F299 /* FeedViewAdapter.swift */,
				ABC2ADCD2B5C0B3A00A4F299 /* Composer */,
				ABD92A6F2B50245300764EE7 /* AppDelegate.swift */,
				ABD92A712B50245300764EE7 /* SceneDelegate.swift */,
				ABD92A732B50245300764EE7 /* ViewController.swift */,
				ABD92A752B50245300764EE7 /* Main.storyboard */,
				ABD92A782B50245400764EE7 /* Assets.xcassets */,
				ABD92A7A2B50245400764EE7 /* LaunchScreen.storyboard */,
				ABD92A7D2B50245400764EE7 /* Info.plist */,
			);
			path = EssentialApp;
			sourceTree = "<group>";
		};
		ABD92A852B50245400764EE7 /* EssentialAppTests */ = {
			isa = PBXGroup;
			children = (
				ABC2ADD02B5C0C7C00A4F299 /* FeedUIIntegrationTests.swift */,
				ABB0F5CF2B5C070B0026ECEB /* SceneDelgateTests.swift */,
				ABC2ADD22B5C10FB00A4F299 /* FeedAcceptanceTests.swift */,
				ABB0F59B2B5553BB0026ECEB /* Helpers */,
			);
			path = EssentialAppTests;
			sourceTree = "<group>";
		};
/* End PBXGroup section */

/* Begin PBXNativeTarget section */
		ABD92A6B2B50245300764EE7 /* EssentialApp */ = {
			isa = PBXNativeTarget;
			buildConfigurationList = ABD92A962B50245400764EE7 /* Build configuration list for PBXNativeTarget "EssentialApp" */;
			buildPhases = (
				ABD92A682B50245300764EE7 /* Sources */,
				ABD92A692B50245300764EE7 /* Frameworks */,
				ABD92A6A2B50245300764EE7 /* Resources */,
				AB44BFF32B502A3900B066AE /* Embed Frameworks */,
			);
			buildRules = (
			);
			dependencies = (
			);
			name = EssentialApp;
			productName = EssentialApp;
			productReference = ABD92A6C2B50245300764EE7 /* EssentialApp.app */;
			productType = "com.apple.product-type.application";
		};
		ABD92A812B50245400764EE7 /* EssentialAppTests */ = {
			isa = PBXNativeTarget;
			buildConfigurationList = ABD92A992B50245400764EE7 /* Build configuration list for PBXNativeTarget "EssentialAppTests" */;
			buildPhases = (
				ABD92A7E2B50245400764EE7 /* Sources */,
				ABD92A7F2B50245400764EE7 /* Frameworks */,
				ABD92A802B50245400764EE7 /* Resources */,
			);
			buildRules = (
			);
			dependencies = (
				ABD92A842B50245400764EE7 /* PBXTargetDependency */,
			);
			name = EssentialAppTests;
			productName = EssentialAppTests;
			productReference = ABD92A822B50245400764EE7 /* EssentialAppTests.xctest */;
			productType = "com.apple.product-type.bundle.unit-test";
		};
/* End PBXNativeTarget section */

/* Begin PBXProject section */
		ABD92A642B50245300764EE7 /* Project object */ = {
			isa = PBXProject;
			attributes = {
				BuildIndependentTargetsInParallel = 1;
				LastSwiftUpdateCheck = 1520;
				LastUpgradeCheck = 1520;
				TargetAttributes = {
					ABD92A6B2B50245300764EE7 = {
						CreatedOnToolsVersion = 15.2;
					};
					ABD92A812B50245400764EE7 = {
						CreatedOnToolsVersion = 15.2;
						TestTargetID = ABD92A6B2B50245300764EE7;
					};
				};
			};
			buildConfigurationList = ABD92A672B50245300764EE7 /* Build configuration list for PBXProject "EssentialApp" */;
			compatibilityVersion = "Xcode 14.0";
			developmentRegion = en;
			hasScannedForEncodings = 0;
			knownRegions = (
				en,
				Base,
			);
			mainGroup = ABD92A632B50245300764EE7;
			productRefGroup = ABD92A6D2B50245300764EE7 /* Products */;
			projectDirPath = "";
			projectRoot = "";
			targets = (
				ABD92A6B2B50245300764EE7 /* EssentialApp */,
				ABD92A812B50245400764EE7 /* EssentialAppTests */,
			);
		};
/* End PBXProject section */

/* Begin PBXResourcesBuildPhase section */
		ABD92A6A2B50245300764EE7 /* Resources */ = {
			isa = PBXResourcesBuildPhase;
			buildActionMask = 2147483647;
			files = (
				ABD92A7C2B50245400764EE7 /* LaunchScreen.storyboard in Resources */,
				ABD92A792B50245400764EE7 /* Assets.xcassets in Resources */,
				ABD92A772B50245300764EE7 /* Main.storyboard in Resources */,
			);
			runOnlyForDeploymentPostprocessing = 0;
		};
		ABD92A802B50245400764EE7 /* Resources */ = {
			isa = PBXResourcesBuildPhase;
			buildActionMask = 2147483647;
			files = (
			);
			runOnlyForDeploymentPostprocessing = 0;
		};
/* End PBXResourcesBuildPhase section */

/* Begin PBXSourcesBuildPhase section */
		ABD92A682B50245300764EE7 /* Sources */ = {
			isa = PBXSourcesBuildPhase;
			buildActionMask = 2147483647;
			files = (
				ABC2ADCC2B5C0B2A00A4F299 /* FeedViewAdapter.swift in Sources */,
				ABC2ADC92B5C0B2A00A4F299 /* WeakRefVirtualProxy.swift in Sources */,
				ABC2ADCA2B5C0B2A00A4F299 /* FeedUIComposer.swift in Sources */,
				ABD92A742B50245300764EE7 /* ViewController.swift in Sources */,
				ABD92A702B50245300764EE7 /* AppDelegate.swift in Sources */,
				ABD92A722B50245300764EE7 /* SceneDelegate.swift in Sources */,
				AB59F02B2B66DAEB00C6D7BF /* FeedLoaderPresentationAdapter.swift in Sources */,
				ABC2ADC22B5C0B0200A4F299 /* FeedImageDataLoaderPresentationAdapter.swift in Sources */,
			);
			runOnlyForDeploymentPostprocessing = 0;
		};
		ABD92A7E2B50245400764EE7 /* Sources */ = {
			isa = PBXSourcesBuildPhase;
			buildActionMask = 2147483647;
			files = (
				ABB0F5A12B5554A60026ECEB /* XCTTestCase+FeedLoader.swift in Sources */,
				AB3A81B62B53B7E2001C5346 /* XCTestCase+Helpers.swift in Sources */,
				ABB0F5D02B5C070B0026ECEB /* SceneDelgateTests.swift in Sources */,
				ABC2ADD32B5C10FB00A4F299 /* FeedAcceptanceTests.swift in Sources */,
				ABB0F5B92B55636B0026ECEB /* XCTestCase+FeedImageDataLoaderTestCase.swift in Sources */,
				ABB0F5B72B5562970026ECEB /* FeedImageDataLoaderSpy.swift in Sources */,
				ABB0F59D2B5553CF0026ECEB /* MemoryLeaksTracker.swift in Sources */,
				ABC2ADCF2B5C0C1C00A4F299 /* FeedViewControllerTests+Extensions.swift in Sources */,
				ABB0F59F2B5553E90026ECEB /* FeedLoaderStub.swift in Sources */,
				ABC2ADD12B5C0C7C00A4F299 /* FeedUIIntegrationTests.swift in Sources */,
			);
			runOnlyForDeploymentPostprocessing = 0;
		};
/* End PBXSourcesBuildPhase section */

/* Begin PBXTargetDependency section */
		ABD92A842B50245400764EE7 /* PBXTargetDependency */ = {
			isa = PBXTargetDependency;
			target = ABD92A6B2B50245300764EE7 /* EssentialApp */;
			targetProxy = ABD92A832B50245400764EE7 /* PBXContainerItemProxy */;
		};
/* End PBXTargetDependency section */

/* Begin PBXVariantGroup section */
		ABD92A752B50245300764EE7 /* Main.storyboard */ = {
			isa = PBXVariantGroup;
			children = (
				ABD92A762B50245300764EE7 /* Base */,
			);
			name = Main.storyboard;
			sourceTree = "<group>";
		};
		ABD92A7A2B50245400764EE7 /* LaunchScreen.storyboard */ = {
			isa = PBXVariantGroup;
			children = (
				ABD92A7B2B50245400764EE7 /* Base */,
			);
			name = LaunchScreen.storyboard;
			sourceTree = "<group>";
		};
/* End PBXVariantGroup section */

/* Begin XCBuildConfiguration section */
		ABD92A942B50245400764EE7 /* Debug */ = {
			isa = XCBuildConfiguration;
			buildSettings = {
				ALWAYS_SEARCH_USER_PATHS = NO;
				ASSETCATALOG_COMPILER_GENERATE_SWIFT_ASSET_SYMBOL_EXTENSIONS = YES;
				CLANG_ANALYZER_NONNULL = YES;
				CLANG_ANALYZER_NUMBER_OBJECT_CONVERSION = YES_AGGRESSIVE;
				CLANG_CXX_LANGUAGE_STANDARD = "gnu++20";
				CLANG_ENABLE_MODULES = YES;
				CLANG_ENABLE_OBJC_ARC = YES;
				CLANG_ENABLE_OBJC_WEAK = YES;
				CLANG_WARN_BLOCK_CAPTURE_AUTORELEASING = YES;
				CLANG_WARN_BOOL_CONVERSION = YES;
				CLANG_WARN_COMMA = YES;
				CLANG_WARN_CONSTANT_CONVERSION = YES;
				CLANG_WARN_DEPRECATED_OBJC_IMPLEMENTATIONS = YES;
				CLANG_WARN_DIRECT_OBJC_ISA_USAGE = YES_ERROR;
				CLANG_WARN_DOCUMENTATION_COMMENTS = YES;
				CLANG_WARN_EMPTY_BODY = YES;
				CLANG_WARN_ENUM_CONVERSION = YES;
				CLANG_WARN_INFINITE_RECURSION = YES;
				CLANG_WARN_INT_CONVERSION = YES;
				CLANG_WARN_NON_LITERAL_NULL_CONVERSION = YES;
				CLANG_WARN_OBJC_IMPLICIT_RETAIN_SELF = YES;
				CLANG_WARN_OBJC_LITERAL_CONVERSION = YES;
				CLANG_WARN_OBJC_ROOT_CLASS = YES_ERROR;
				CLANG_WARN_QUOTED_INCLUDE_IN_FRAMEWORK_HEADER = YES;
				CLANG_WARN_RANGE_LOOP_ANALYSIS = YES;
				CLANG_WARN_STRICT_PROTOTYPES = YES;
				CLANG_WARN_SUSPICIOUS_MOVE = YES;
				CLANG_WARN_UNGUARDED_AVAILABILITY = YES_AGGRESSIVE;
				CLANG_WARN_UNREACHABLE_CODE = YES;
				CLANG_WARN__DUPLICATE_METHOD_MATCH = YES;
				COPY_PHASE_STRIP = NO;
				DEBUG_INFORMATION_FORMAT = dwarf;
				ENABLE_STRICT_OBJC_MSGSEND = YES;
				ENABLE_TESTABILITY = YES;
				ENABLE_USER_SCRIPT_SANDBOXING = YES;
				GCC_C_LANGUAGE_STANDARD = gnu17;
				GCC_DYNAMIC_NO_PIC = NO;
				GCC_NO_COMMON_BLOCKS = YES;
				GCC_OPTIMIZATION_LEVEL = 0;
				GCC_PREPROCESSOR_DEFINITIONS = (
					"DEBUG=1",
					"$(inherited)",
				);
				GCC_WARN_64_TO_32_BIT_CONVERSION = YES;
				GCC_WARN_ABOUT_RETURN_TYPE = YES_ERROR;
				GCC_WARN_UNDECLARED_SELECTOR = YES;
				GCC_WARN_UNINITIALIZED_AUTOS = YES_AGGRESSIVE;
				GCC_WARN_UNUSED_FUNCTION = YES;
				GCC_WARN_UNUSED_VARIABLE = YES;
				IPHONEOS_DEPLOYMENT_TARGET = 17.2;
				LOCALIZATION_PREFERS_STRING_CATALOGS = YES;
				MTL_ENABLE_DEBUG_INFO = INCLUDE_SOURCE;
				MTL_FAST_MATH = YES;
				ONLY_ACTIVE_ARCH = YES;
				SDKROOT = iphoneos;
				SWIFT_ACTIVE_COMPILATION_CONDITIONS = "DEBUG $(inherited)";
				SWIFT_OPTIMIZATION_LEVEL = "-Onone";
			};
			name = Debug;
		};
		ABD92A952B50245400764EE7 /* Release */ = {
			isa = XCBuildConfiguration;
			buildSettings = {
				ALWAYS_SEARCH_USER_PATHS = NO;
				ASSETCATALOG_COMPILER_GENERATE_SWIFT_ASSET_SYMBOL_EXTENSIONS = YES;
				CLANG_ANALYZER_NONNULL = YES;
				CLANG_ANALYZER_NUMBER_OBJECT_CONVERSION = YES_AGGRESSIVE;
				CLANG_CXX_LANGUAGE_STANDARD = "gnu++20";
				CLANG_ENABLE_MODULES = YES;
				CLANG_ENABLE_OBJC_ARC = YES;
				CLANG_ENABLE_OBJC_WEAK = YES;
				CLANG_WARN_BLOCK_CAPTURE_AUTORELEASING = YES;
				CLANG_WARN_BOOL_CONVERSION = YES;
				CLANG_WARN_COMMA = YES;
				CLANG_WARN_CONSTANT_CONVERSION = YES;
				CLANG_WARN_DEPRECATED_OBJC_IMPLEMENTATIONS = YES;
				CLANG_WARN_DIRECT_OBJC_ISA_USAGE = YES_ERROR;
				CLANG_WARN_DOCUMENTATION_COMMENTS = YES;
				CLANG_WARN_EMPTY_BODY = YES;
				CLANG_WARN_ENUM_CONVERSION = YES;
				CLANG_WARN_INFINITE_RECURSION = YES;
				CLANG_WARN_INT_CONVERSION = YES;
				CLANG_WARN_NON_LITERAL_NULL_CONVERSION = YES;
				CLANG_WARN_OBJC_IMPLICIT_RETAIN_SELF = YES;
				CLANG_WARN_OBJC_LITERAL_CONVERSION = YES;
				CLANG_WARN_OBJC_ROOT_CLASS = YES_ERROR;
				CLANG_WARN_QUOTED_INCLUDE_IN_FRAMEWORK_HEADER = YES;
				CLANG_WARN_RANGE_LOOP_ANALYSIS = YES;
				CLANG_WARN_STRICT_PROTOTYPES = YES;
				CLANG_WARN_SUSPICIOUS_MOVE = YES;
				CLANG_WARN_UNGUARDED_AVAILABILITY = YES_AGGRESSIVE;
				CLANG_WARN_UNREACHABLE_CODE = YES;
				CLANG_WARN__DUPLICATE_METHOD_MATCH = YES;
				COPY_PHASE_STRIP = NO;
				DEBUG_INFORMATION_FORMAT = "dwarf-with-dsym";
				ENABLE_NS_ASSERTIONS = NO;
				ENABLE_STRICT_OBJC_MSGSEND = YES;
				ENABLE_USER_SCRIPT_SANDBOXING = YES;
				GCC_C_LANGUAGE_STANDARD = gnu17;
				GCC_NO_COMMON_BLOCKS = YES;
				GCC_WARN_64_TO_32_BIT_CONVERSION = YES;
				GCC_WARN_ABOUT_RETURN_TYPE = YES_ERROR;
				GCC_WARN_UNDECLARED_SELECTOR = YES;
				GCC_WARN_UNINITIALIZED_AUTOS = YES_AGGRESSIVE;
				GCC_WARN_UNUSED_FUNCTION = YES;
				GCC_WARN_UNUSED_VARIABLE = YES;
				IPHONEOS_DEPLOYMENT_TARGET = 17.2;
				LOCALIZATION_PREFERS_STRING_CATALOGS = YES;
				MTL_ENABLE_DEBUG_INFO = NO;
				MTL_FAST_MATH = YES;
				SDKROOT = iphoneos;
				SWIFT_COMPILATION_MODE = wholemodule;
				VALIDATE_PRODUCT = YES;
			};
			name = Release;
		};
		ABD92A972B50245400764EE7 /* Debug */ = {
			isa = XCBuildConfiguration;
			buildSettings = {
				ASSETCATALOG_COMPILER_APPICON_NAME = AppIcon;
				ASSETCATALOG_COMPILER_GLOBAL_ACCENT_COLOR_NAME = AccentColor;
				CODE_SIGN_STYLE = Automatic;
				CURRENT_PROJECT_VERSION = 1;
				DEVELOPMENT_TEAM = VGUCD6ZAV7;
				GENERATE_INFOPLIST_FILE = YES;
				INFOPLIST_FILE = EssentialApp/Info.plist;
				INFOPLIST_KEY_UIApplicationSupportsIndirectInputEvents = YES;
				INFOPLIST_KEY_UILaunchStoryboardName = LaunchScreen;
				INFOPLIST_KEY_UIMainStoryboardFile = Main;
				INFOPLIST_KEY_UISupportedInterfaceOrientations = UIInterfaceOrientationPortrait;
				LD_RUNPATH_SEARCH_PATHS = (
					"$(inherited)",
					"@executable_path/Frameworks",
				);
				MARKETING_VERSION = 1.0;
				PRODUCT_BUNDLE_IDENTIFIER = com.lo.EssentialApp;
				PRODUCT_NAME = "$(TARGET_NAME)";
				SWIFT_EMIT_LOC_STRINGS = YES;
				SWIFT_VERSION = 5.0;
				TARGETED_DEVICE_FAMILY = "1,2";
			};
			name = Debug;
		};
		ABD92A982B50245400764EE7 /* Release */ = {
			isa = XCBuildConfiguration;
			buildSettings = {
				ASSETCATALOG_COMPILER_APPICON_NAME = AppIcon;
				ASSETCATALOG_COMPILER_GLOBAL_ACCENT_COLOR_NAME = AccentColor;
				CODE_SIGN_STYLE = Automatic;
				CURRENT_PROJECT_VERSION = 1;
				DEVELOPMENT_TEAM = VGUCD6ZAV7;
				GENERATE_INFOPLIST_FILE = YES;
				INFOPLIST_FILE = EssentialApp/Info.plist;
				INFOPLIST_KEY_UIApplicationSupportsIndirectInputEvents = YES;
				INFOPLIST_KEY_UILaunchStoryboardName = LaunchScreen;
				INFOPLIST_KEY_UIMainStoryboardFile = Main;
				INFOPLIST_KEY_UISupportedInterfaceOrientations = UIInterfaceOrientationPortrait;
				LD_RUNPATH_SEARCH_PATHS = (
					"$(inherited)",
					"@executable_path/Frameworks",
				);
				MARKETING_VERSION = 1.0;
				PRODUCT_BUNDLE_IDENTIFIER = com.lo.EssentialApp;
				PRODUCT_NAME = "$(TARGET_NAME)";
				SWIFT_EMIT_LOC_STRINGS = YES;
				SWIFT_VERSION = 5.0;
				TARGETED_DEVICE_FAMILY = "1,2";
			};
			name = Release;
		};
		ABD92A9A2B50245400764EE7 /* Debug */ = {
			isa = XCBuildConfiguration;
			buildSettings = {
				ALWAYS_EMBED_SWIFT_STANDARD_LIBRARIES = YES;
				BUNDLE_LOADER = "$(TEST_HOST)";
				CODE_SIGN_STYLE = Automatic;
				CURRENT_PROJECT_VERSION = 1;
				DEVELOPMENT_TEAM = VGUCD6ZAV7;
				GENERATE_INFOPLIST_FILE = YES;
				IPHONEOS_DEPLOYMENT_TARGET = 17.2;
				MARKETING_VERSION = 1.0;
				PRODUCT_BUNDLE_IDENTIFIER = com.lo.EssentialAppTests;
				PRODUCT_NAME = "$(TARGET_NAME)";
				SWIFT_EMIT_LOC_STRINGS = NO;
				SWIFT_VERSION = 5.0;
				TARGETED_DEVICE_FAMILY = "1,2";
				TEST_HOST = "$(BUILT_PRODUCTS_DIR)/EssentialApp.app/$(BUNDLE_EXECUTABLE_FOLDER_PATH)/EssentialApp";
			};
			name = Debug;
		};
		ABD92A9B2B50245400764EE7 /* Release */ = {
			isa = XCBuildConfiguration;
			buildSettings = {
				ALWAYS_EMBED_SWIFT_STANDARD_LIBRARIES = YES;
				BUNDLE_LOADER = "$(TEST_HOST)";
				CODE_SIGN_STYLE = Automatic;
				CURRENT_PROJECT_VERSION = 1;
				DEVELOPMENT_TEAM = VGUCD6ZAV7;
				GENERATE_INFOPLIST_FILE = YES;
				IPHONEOS_DEPLOYMENT_TARGET = 17.2;
				MARKETING_VERSION = 1.0;
				PRODUCT_BUNDLE_IDENTIFIER = com.lo.EssentialAppTests;
				PRODUCT_NAME = "$(TARGET_NAME)";
				SWIFT_EMIT_LOC_STRINGS = NO;
				SWIFT_VERSION = 5.0;
				TARGETED_DEVICE_FAMILY = "1,2";
				TEST_HOST = "$(BUILT_PRODUCTS_DIR)/EssentialApp.app/$(BUNDLE_EXECUTABLE_FOLDER_PATH)/EssentialApp";
			};
			name = Release;
		};
/* End XCBuildConfiguration section */

/* Begin XCConfigurationList section */
		ABD92A672B50245300764EE7 /* Build configuration list for PBXProject "EssentialApp" */ = {
			isa = XCConfigurationList;
			buildConfigurations = (
				ABD92A942B50245400764EE7 /* Debug */,
				ABD92A952B50245400764EE7 /* Release */,
			);
			defaultConfigurationIsVisible = 0;
			defaultConfigurationName = Release;
		};
		ABD92A962B50245400764EE7 /* Build configuration list for PBXNativeTarget "EssentialApp" */ = {
			isa = XCConfigurationList;
			buildConfigurations = (
				ABD92A972B50245400764EE7 /* Debug */,
				ABD92A982B50245400764EE7 /* Release */,
			);
			defaultConfigurationIsVisible = 0;
			defaultConfigurationName = Release;
		};
		ABD92A992B50245400764EE7 /* Build configuration list for PBXNativeTarget "EssentialAppTests" */ = {
			isa = XCConfigurationList;
			buildConfigurations = (
				ABD92A9A2B50245400764EE7 /* Debug */,
				ABD92A9B2B50245400764EE7 /* Release */,
			);
			defaultConfigurationIsVisible = 0;
			defaultConfigurationName = Release;
		};
/* End XCConfigurationList section */
	};
	rootObject = ABD92A642B50245300764EE7 /* Project object */;
}
